
Microsoft Visual Studio Solution File, Format Version 12.00
# Visual Studio Version 17
VisualStudioVersion = 17.4.33213.308
MinimumVisualStudioVersion = 10.0.40219.1
Project("{FAE04EC0-301F-11D3-BF4B-00C04F79EFBC}") = "WhatsappNet.Api", "WhatsappNet.Api\WhatsappNet.Api.csproj", "{9C402EA8-8C34-4617-AE03-E9A085C49B3A}"
EndProject
Global
	GlobalSection(SolutionConfigurationPlatforms) = preSolution
		Debug|Any CPU = Debug|Any CPU
		Release|Any CPU = Release|Any CPU
	EndGlobalSection
	GlobalSection(ProjectConfigurationPlatforms) = postSolution
		{9C402EA8-8C34-4617-AE03-E9A085C49B3A}.Debug|Any CPU.ActiveCfg = Debug|Any CPU
		{9C402EA8-8C34-4617-AE03-E9A085C49B3A}.Debug|Any CPU.Build.0 = Debug|Any CPU
		{9C402EA8-8C34-4617-AE03-E9A085C49B3A}.Release|Any CPU.ActiveCfg = Release|Any CPU
		{9C402EA8-8C34-4617-AE03-E9A085C49B3A}.Release|Any CPU.Build.0 = Release|Any CPU
	EndGlobalSection
	GlobalSection(SolutionProperties) = preSolution
		HideSolutionNode = FALSE
	EndGlobalSection
	GlobalSection(ExtensibilityGlobals) = postSolution
		SolutionGuid = {53E85ACB-0D7E-48CE-8975-315C03C08486}
	EndGlobalSection
EndGlobal
